
Microsoft Visual Studio Solution File, Format Version 12.00
# Visual Studio Version 16
VisualStudioVersion = 16.0.29326.143
MinimumVisualStudioVersion = 10.0.40219.1
Project("{FAE04EC0-301F-11D3-BF4B-00C04F79EFBC}") = "RegexTest", "RegexTest\RegexTest.csproj", "{4CB02030-9DE3-414B-B719-7B7F05032D63}"
EndProject
Global
	GlobalSection(SolutionConfigurationPlatforms) = preSolution
		Debug|Any CPU = Debug|Any CPU
		Release|Any CPU = Release|Any CPU
	EndGlobalSection
	GlobalSection(ProjectConfigurationPlatforms) = postSolution
		{4CB02030-9DE3-414B-B719-7B7F05032D63}.Debug|Any CPU.ActiveCfg = Debug|Any CPU
		{4CB02030-9DE3-414B-B719-7B7F05032D63}.Debug|Any CPU.Build.0 = Debug|Any CPU
		{4CB02030-9DE3-414B-B719-7B7F05032D63}.Release|Any CPU.ActiveCfg = Release|Any CPU
		{4CB02030-9DE3-414B-B719-7B7F05032D63}.Release|Any CPU.Build.0 = Release|Any CPU
	EndGlobalSection
	GlobalSection(SolutionProperties) = preSolution
		HideSolutionNode = FALSE
	EndGlobalSection
	GlobalSection(ExtensibilityGlobals) = postSolution
		SolutionGuid = {725165AC-526F-4C34-BF27-EEF403C6919D}
	EndGlobalSection
EndGlobal
